// !$*UTF8*$!
{
	archiveVersion = 1;
	classes = {
	};
	objectVersion = 55;
	objects = {

/* Begin PBXBuildFile section */
		EC74EC19298EFD160003831A /* AppDelegate.swift in Sources */ = {isa = PBXBuildFile; fileRef = EC74EC18298EFD160003831A /* AppDelegate.swift */; };
		EC74EC1B298EFD160003831A /* SceneDelegate.swift in Sources */ = {isa = PBXBuildFile; fileRef = EC74EC1A298EFD160003831A /* SceneDelegate.swift */; };
		EC74EC1D298EFD160003831A /* ViewController.swift in Sources */ = {isa = PBXBuildFile; fileRef = EC74EC1C298EFD160003831A /* ViewController.swift */; };
		EC74EC20298EFD160003831A /* Main.storyboard in Resources */ = {isa = PBXBuildFile; fileRef = EC74EC1E298EFD160003831A /* Main.storyboard */; };
		EC74EC22298EFD180003831A /* Assets.xcassets in Resources */ = {isa = PBXBuildFile; fileRef = EC74EC21298EFD180003831A /* Assets.xcassets */; };
		EC74EC25298EFD180003831A /* LaunchScreen.storyboard in Resources */ = {isa = PBXBuildFile; fileRef = EC74EC23298EFD180003831A /* LaunchScreen.storyboard */; };
		EC74EC30298EFD190003831A /* DadosTests.swift in Sources */ = {isa = PBXBuildFile; fileRef = EC74EC2F298EFD190003831A /* DadosTests.swift */; };
		EC74EC3A298EFD190003831A /* DadosUITests.swift in Sources */ = {isa = PBXBuildFile; fileRef = EC74EC39298EFD190003831A /* DadosUITests.swift */; };
		EC74EC3C298EFD190003831A /* DadosUITestsLaunchTests.swift in Sources */ = {isa = PBXBuildFile; fileRef = EC74EC3B298EFD190003831A /* DadosUITestsLaunchTests.swift */; };
/* End PBXBuildFile section */

/* Begin PBXContainerItemProxy section */
		EC74EC2C298EFD190003831A /* PBXContainerItemProxy */ = {
			isa = PBXContainerItemProxy;
			containerPortal = EC74EC0D298EFD160003831A /* Project object */;
			proxyType = 1;
			remoteGlobalIDString = EC74EC14298EFD160003831A;
			remoteInfo = Dados;
		};
		EC74EC36298EFD190003831A /* PBXContainerItemProxy */ = {
			isa = PBXContainerItemProxy;
			containerPortal = EC74EC0D298EFD160003831A /* Project object */;
			proxyType = 1;
			remoteGlobalIDString = EC74EC14298EFD160003831A;
			remoteInfo = Dados;
		};
/* End PBXContainerItemProxy section */

/* Begin PBXFileReference section */
		EC74EC15298EFD160003831A /* Dados.app */ = {isa = PBXFileReference; explicitFileType = wrapper.application; includeInIndex = 0; path = Dados.app; sourceTree = BUILT_PRODUCTS_DIR; };
		EC74EC18298EFD160003831A /* AppDelegate.swift */ = {isa = PBXFileReference; lastKnownFileType = sourcecode.swift; path = AppDelegate.swift; sourceTree = "<group>"; };
		EC74EC1A298EFD160003831A /* SceneDelegate.swift */ = {isa = PBXFileReference; lastKnownFileType = sourcecode.swift; path = SceneDelegate.swift; sourceTree = "<group>"; };
		EC74EC1C298EFD160003831A /* ViewController.swift */ = {isa = PBXFileReference; lastKnownFileType = sourcecode.swift; path = ViewController.swift; sourceTree = "<group>"; };
		EC74EC1F298EFD160003831A /* Base */ = {isa = PBXFileReference; lastKnownFileType = file.storyboard; name = Base; path = Base.lproj/Main.storyboard; sourceTree = "<group>"; };
		EC74EC21298EFD180003831A /* Assets.xcassets */ = {isa = PBXFileReference; lastKnownFileType = folder.assetcatalog; path = Assets.xcassets; sourceTree = "<group>"; };
		EC74EC24298EFD180003831A /* Base */ = {isa = PBXFileReference; lastKnownFileType = file.storyboard; name = Base; path = Base.lproj/LaunchScreen.storyboard; sourceTree = "<group>"; };
		EC74EC26298EFD180003831A /* Info.plist */ = {isa = PBXFileReference; lastKnownFileType = text.plist.xml; path = Info.plist; sourceTree = "<group>"; };
		EC74EC2B298EFD190003831A /* DadosTests.xctest */ = {isa = PBXFileReference; explicitFileType = wrapper.cfbundle; includeInIndex = 0; path = DadosTests.xctest; sourceTree = BUILT_PRODUCTS_DIR; };
		EC74EC2F298EFD190003831A /* DadosTests.swift */ = {isa = PBXFileReference; lastKnownFileType = sourcecode.swift; path = DadosTests.swift; sourceTree = "<group>"; };
		EC74EC35298EFD190003831A /* DadosUITests.xctest */ = {isa = PBXFileReference; explicitFileType = wrapper.cfbundle; includeInIndex = 0; path = DadosUITests.xctest; sourceTree = BUILT_PRODUCTS_DIR; };
		EC74EC39298EFD190003831A /* DadosUITests.swift */ = {isa = PBXFileReference; lastKnownFileType = sourcecode.swift; path = DadosUITests.swift; sourceTree = "<group>"; };
		EC74EC3B298EFD190003831A /* DadosUITestsLaunchTests.swift */ = {isa = PBXFileReference; lastKnownFileType = sourcecode.swift; path = DadosUITestsLaunchTests.swift; sourceTree = "<group>"; };
/* End PBXFileReference section */

/* Begin PBXFrameworksBuildPhase section */
		EC74EC12298EFD160003831A /* Frameworks */ = {
			isa = PBXFrameworksBuildPhase;
			buildActionMask = 2147483647;
			files = (
			);
			runOnlyForDeploymentPostprocessing = 0;
		};
		EC74EC28298EFD190003831A /* Frameworks */ = {
			isa = PBXFrameworksBuildPhase;
			buildActionMask = 2147483647;
			files = (
			);
			runOnlyForDeploymentPostprocessing = 0;
		};
		EC74EC32298EFD190003831A /* Frameworks */ = {
			isa = PBXFrameworksBuildPhase;
			buildActionMask = 2147483647;
			files = (
			);
			runOnlyForDeploymentPostprocessing = 0;
		};
/* End PBXFrameworksBuildPhase section */

/* Begin PBXGroup section */
		EC74EC0C298EFD160003831A = {
			isa = PBXGroup;
			children = (
				EC74EC17298EFD160003831A /* Dados */,
				EC74EC2E298EFD190003831A /* DadosTests */,
				EC74EC38298EFD190003831A /* DadosUITests */,
				EC74EC16298EFD160003831A /* Products */,
			);
			sourceTree = "<group>";
		};
		EC74EC16298EFD160003831A /* Products */ = {
			isa = PBXGroup;
			children = (
				EC74EC15298EFD160003831A /* Dados.app */,
				EC74EC2B298EFD190003831A /* DadosTests.xctest */,
				EC74EC35298EFD190003831A /* DadosUITests.xctest */,
			);
			name = Products;
			sourceTree = "<group>";
		};
		EC74EC17298EFD160003831A /* Dados */ = {
			isa = PBXGroup;
			children = (
				EC74EC18298EFD160003831A /* AppDelegate.swift */,
				EC74EC1A298EFD160003831A /* SceneDelegate.swift */,
				EC74EC1C298EFD160003831A /* ViewController.swift */,
				EC74EC1E298EFD160003831A /* Main.storyboard */,
				EC74EC21298EFD180003831A /* Assets.xcassets */,
				EC74EC23298EFD180003831A /* LaunchScreen.storyboard */,
				EC74EC26298EFD180003831A /* Info.plist */,
			);
			path = Dados;
			sourceTree = "<group>";
		};
		EC74EC2E298EFD190003831A /* DadosTests */ = {
			isa = PBXGroup;
			children = (
				EC74EC2F298EFD190003831A /* DadosTests.swift */,
			);
			path = DadosTests;
			sourceTree = "<group>";
		};
		EC74EC38298EFD190003831A /* DadosUITests */ = {
			isa = PBXGroup;
			children = (
				EC74EC39298EFD190003831A /* DadosUITests.swift */,
				EC74EC3B298EFD190003831A /* DadosUITestsLaunchTests.swift */,
			);
			path = DadosUITests;
			sourceTree = "<group>";
		};
/* End PBXGroup section */

/* Begin PBXNativeTarget section */
		EC74EC14298EFD160003831A /* Dados */ = {
			isa = PBXNativeTarget;
			buildConfigurationList = EC74EC3F298EFD190003831A /* Build configuration list for PBXNativeTarget "Dados" */;
			buildPhases = (
				EC74EC11298EFD160003831A /* Sources */,
				EC74EC12298EFD160003831A /* Frameworks */,
				EC74EC13298EFD160003831A /* Resources */,
			);
			buildRules = (
			);
			dependencies = (
			);
			name = Dados;
			productName = Dados;
			productReference = EC74EC15298EFD160003831A /* Dados.app */;
			productType = "com.apple.product-type.application";
		};
		EC74EC2A298EFD190003831A /* DadosTests */ = {
			isa = PBXNativeTarget;
			buildConfigurationList = EC74EC42298EFD190003831A /* Build configuration list for PBXNativeTarget "DadosTests" */;
			buildPhases = (
				EC74EC27298EFD190003831A /* Sources */,
				EC74EC28298EFD190003831A /* Frameworks */,
				EC74EC29298EFD190003831A /* Resources */,
			);
			buildRules = (
			);
			dependencies = (
				EC74EC2D298EFD190003831A /* PBXTargetDependency */,
			);
			name = DadosTests;
			productName = DadosTests;
			productReference = EC74EC2B298EFD190003831A /* DadosTests.xctest */;
			productType = "com.apple.product-type.bundle.unit-test";
		};
		EC74EC34298EFD190003831A /* DadosUITests */ = {
			isa = PBXNativeTarget;
			buildConfigurationList = EC74EC45298EFD190003831A /* Build configuration list for PBXNativeTarget "DadosUITests" */;
			buildPhases = (
				EC74EC31298EFD190003831A /* Sources */,
				EC74EC32298EFD190003831A /* Frameworks */,
				EC74EC33298EFD190003831A /* Resources */,
			);
			buildRules = (
			);
			dependencies = (
				EC74EC37298EFD190003831A /* PBXTargetDependency */,
			);
			name = DadosUITests;
			productName = DadosUITests;
			productReference = EC74EC35298EFD190003831A /* DadosUITests.xctest */;
			productType = "com.apple.product-type.bundle.ui-testing";
		};
/* End PBXNativeTarget section */

/* Begin PBXProject section */
		EC74EC0D298EFD160003831A /* Project object */ = {
			isa = PBXProject;
			attributes = {
				BuildIndependentTargetsInParallel = 1;
				LastSwiftUpdateCheck = 1340;
				LastUpgradeCheck = 1340;
				TargetAttributes = {
					EC74EC14298EFD160003831A = {
						CreatedOnToolsVersion = 13.4.1;
					};
					EC74EC2A298EFD190003831A = {
						CreatedOnToolsVersion = 13.4.1;
						TestTargetID = EC74EC14298EFD160003831A;
					};
					EC74EC34298EFD190003831A = {
						CreatedOnToolsVersion = 13.4.1;
						TestTargetID = EC74EC14298EFD160003831A;
					};
				};
			};
			buildConfigurationList = EC74EC10298EFD160003831A /* Build configuration list for PBXProject "Dados" */;
			compatibilityVersion = "Xcode 13.0";
			developmentRegion = en;
			hasScannedForEncodings = 0;
			knownRegions = (
				en,
				Base,
			);
			mainGroup = EC74EC0C298EFD160003831A;
			productRefGroup = EC74EC16298EFD160003831A /* Products */;
			projectDirPath = "";
			projectRoot = "";
			targets = (
				EC74EC14298EFD160003831A /* Dados */,
				EC74EC2A298EFD190003831A /* DadosTests */,
				EC74EC34298EFD190003831A /* DadosUITests */,
			);
		};
/* End PBXProject section */

/* Begin PBXResourcesBuildPhase section */
		EC74EC13298EFD160003831A /* Resources */ = {
			isa = PBXResourcesBuildPhase;
			buildActionMask = 2147483647;
			files = (
				EC74EC25298EFD180003831A /* LaunchScreen.storyboard in Resources */,
				EC74EC22298EFD180003831A /* Assets.xcassets in Resources */,
				EC74EC20298EFD160003831A /* Main.storyboard in Resources */,
			);
			runOnlyForDeploymentPostprocessing = 0;
		};
		EC74EC29298EFD190003831A /* Resources */ = {
			isa = PBXResourcesBuildPhase;
			buildActionMask = 2147483647;
			files = (
			);
			runOnlyForDeploymentPostprocessing = 0;
		};
		EC74EC33298EFD190003831A /* Resources */ = {
			isa = PBXResourcesBuildPhase;
			buildActionMask = 2147483647;
			files = (
			);
			runOnlyForDeploymentPostprocessing = 0;
		};
/* End PBXResourcesBuildPhase section */

/* Begin PBXSourcesBuildPhase section */
		EC74EC11298EFD160003831A /* Sources */ = {
			isa = PBXSourcesBuildPhase;
			buildActionMask = 2147483647;
			files = (
				EC74EC1D298EFD160003831A /* ViewController.swift in Sources */,
				EC74EC19298EFD160003831A /* AppDelegate.swift in Sources */,
				EC74EC1B298EFD160003831A /* SceneDelegate.swift in Sources */,
			);
			runOnlyForDeploymentPostprocessing = 0;
		};
		EC74EC27298EFD190003831A /* Sources */ = {
			isa = PBXSourcesBuildPhase;
			buildActionMask = 2147483647;
			files = (
				EC74EC30298EFD190003831A /* DadosTests.swift in Sources */,
			);
			runOnlyForDeploymentPostprocessing = 0;
		};
		EC74EC31298EFD190003831A /* Sources */ = {
			isa = PBXSourcesBuildPhase;
			buildActionMask = 2147483647;
			files = (
				EC74EC3C298EFD190003831A /* DadosUITestsLaunchTests.swift in Sources */,
				EC74EC3A298EFD190003831A /* DadosUITests.swift in Sources */,
			);
			runOnlyForDeploymentPostprocessing = 0;
		};
/* End PBXSourcesBuildPhase section */

/* Begin PBXTargetDependency section */
		EC74EC2D298EFD190003831A /* PBXTargetDependency */ = {
			isa = PBXTargetDependency;
			target = EC74EC14298EFD160003831A /* Dados */;
			targetProxy = EC74EC2C298EFD190003831A /* PBXContainerItemProxy */;
		};
		EC74EC37298EFD190003831A /* PBXTargetDependency */ = {
			isa = PBXTargetDependency;
			target = EC74EC14298EFD160003831A /* Dados */;
			targetProxy = EC74EC36298EFD190003831A /* PBXContainerItemProxy */;
		};
/* End PBXTargetDependency section */

/* Begin PBXVariantGroup section */
		EC74EC1E298EFD160003831A /* Main.storyboard */ = {
			isa = PBXVariantGroup;
			children = (
				EC74EC1F298EFD160003831A /* Base */,
			);
			name = Main.storyboard;
			sourceTree = "<group>";
		};
		EC74EC23298EFD180003831A /* LaunchScreen.storyboard */ = {
			isa = PBXVariantGroup;
			children = (
				EC74EC24298EFD180003831A /* Base */,
			);
			name = LaunchScreen.storyboard;
			sourceTree = "<group>";
		};
/* End PBXVariantGroup section */

/* Begin XCBuildConfiguration section */
		EC74EC3D298EFD190003831A /* Debug */ = {
			isa = XCBuildConfiguration;
			buildSettings = {
				ALWAYS_SEARCH_USER_PATHS = NO;
				CLANG_ANALYZER_NONNULL = YES;
				CLANG_ANALYZER_NUMBER_OBJECT_CONVERSION = YES_AGGRESSIVE;
				CLANG_CXX_LANGUAGE_STANDARD = "gnu++17";
				CLANG_ENABLE_MODULES = YES;
				CLANG_ENABLE_OBJC_ARC = YES;
				CLANG_ENABLE_OBJC_WEAK = YES;
				CLANG_WARN_BLOCK_CAPTURE_AUTORELEASING = YES;
				CLANG_WARN_BOOL_CONVERSION = YES;
				CLANG_WARN_COMMA = YES;
				CLANG_WARN_CONSTANT_CONVERSION = YES;
				CLANG_WARN_DEPRECATED_OBJC_IMPLEMENTATIONS = YES;
				CLANG_WARN_DIRECT_OBJC_ISA_USAGE = YES_ERROR;
				CLANG_WARN_DOCUMENTATION_COMMENTS = YES;
				CLANG_WARN_EMPTY_BODY = YES;
				CLANG_WARN_ENUM_CONVERSION = YES;
				CLANG_WARN_INFINITE_RECURSION = YES;
				CLANG_WARN_INT_CONVERSION = YES;
				CLANG_WARN_NON_LITERAL_NULL_CONVERSION = YES;
				CLANG_WARN_OBJC_IMPLICIT_RETAIN_SELF = YES;
				CLANG_WARN_OBJC_LITERAL_CONVERSION = YES;
				CLANG_WARN_OBJC_ROOT_CLASS = YES_ERROR;
				CLANG_WARN_QUOTED_INCLUDE_IN_FRAMEWORK_HEADER = YES;
				CLANG_WARN_RANGE_LOOP_ANALYSIS = YES;
				CLANG_WARN_STRICT_PROTOTYPES = YES;
				CLANG_WARN_SUSPICIOUS_MOVE = YES;
				CLANG_WARN_UNGUARDED_AVAILABILITY = YES_AGGRESSIVE;
				CLANG_WARN_UNREACHABLE_CODE = YES;
				CLANG_WARN__DUPLICATE_METHOD_MATCH = YES;
				COPY_PHASE_STRIP = NO;
				DEBUG_INFORMATION_FORMAT = dwarf;
				ENABLE_STRICT_OBJC_MSGSEND = YES;
				ENABLE_TESTABILITY = YES;
				GCC_C_LANGUAGE_STANDARD = gnu11;
				GCC_DYNAMIC_NO_PIC = NO;
				GCC_NO_COMMON_BLOCKS = YES;
				GCC_OPTIMIZATION_LEVEL = 0;
				GCC_PREPROCESSOR_DEFINITIONS = (
					"DEBUG=1",
					"$(inherited)",
				);
				GCC_WARN_64_TO_32_BIT_CONVERSION = YES;
				GCC_WARN_ABOUT_RETURN_TYPE = YES_ERROR;
				GCC_WARN_UNDECLARED_SELECTOR = YES;
				GCC_WARN_UNINITIALIZED_AUTOS = YES_AGGRESSIVE;
				GCC_WARN_UNUSED_FUNCTION = YES;
				GCC_WARN_UNUSED_VARIABLE = YES;
				IPHONEOS_DEPLOYMENT_TARGET = 15.5;
				MTL_ENABLE_DEBUG_INFO = INCLUDE_SOURCE;
				MTL_FAST_MATH = YES;
				ONLY_ACTIVE_ARCH = YES;
				SDKROOT = iphoneos;
				SWIFT_ACTIVE_COMPILATION_CONDITIONS = DEBUG;
				SWIFT_OPTIMIZATION_LEVEL = "-Onone";
			};
			name = Debug;
		};
		EC74EC3E298EFD190003831A /* Release */ = {
			isa = XCBuildConfiguration;
			buildSettings = {
				ALWAYS_SEARCH_USER_PATHS = NO;
				CLANG_ANALYZER_NONNULL = YES;
				CLANG_ANALYZER_NUMBER_OBJECT_CONVERSION = YES_AGGRESSIVE;
				CLANG_CXX_LANGUAGE_STANDARD = "gnu++17";
				CLANG_ENABLE_MODULES = YES;
				CLANG_ENABLE_OBJC_ARC = YES;
				CLANG_ENABLE_OBJC_WEAK = YES;
				CLANG_WARN_BLOCK_CAPTURE_AUTORELEASING = YES;
				CLANG_WARN_BOOL_CONVERSION = YES;
				CLANG_WARN_COMMA = YES;
				CLANG_WARN_CONSTANT_CONVERSION = YES;
				CLANG_WARN_DEPRECATED_OBJC_IMPLEMENTATIONS = YES;
				CLANG_WARN_DIRECT_OBJC_ISA_USAGE = YES_ERROR;
				CLANG_WARN_DOCUMENTATION_COMMENTS = YES;
				CLANG_WARN_EMPTY_BODY = YES;
				CLANG_WARN_ENUM_CONVERSION = YES;
				CLANG_WARN_INFINITE_RECURSION = YES;
				CLANG_WARN_INT_CONVERSION = YES;
				CLANG_WARN_NON_LITERAL_NULL_CONVERSION = YES;
				CLANG_WARN_OBJC_IMPLICIT_RETAIN_SELF = YES;
				CLANG_WARN_OBJC_LITERAL_CONVERSION = YES;
				CLANG_WARN_OBJC_ROOT_CLASS = YES_ERROR;
				CLANG_WARN_QUOTED_INCLUDE_IN_FRAMEWORK_HEADER = YES;
				CLANG_WARN_RANGE_LOOP_ANALYSIS = YES;
				CLANG_WARN_STRICT_PROTOTYPES = YES;
				CLANG_WARN_SUSPICIOUS_MOVE = YES;
				CLANG_WARN_UNGUARDED_AVAILABILITY = YES_AGGRESSIVE;
				CLANG_WARN_UNREACHABLE_CODE = YES;
				CLANG_WARN__DUPLICATE_METHOD_MATCH = YES;
				COPY_PHASE_STRIP = NO;
				DEBUG_INFORMATION_FORMAT = "dwarf-with-dsym";
				ENABLE_NS_ASSERTIONS = NO;
				ENABLE_STRICT_OBJC_MSGSEND = YES;
				GCC_C_LANGUAGE_STANDARD = gnu11;
				GCC_NO_COMMON_BLOCKS = YES;
				GCC_WARN_64_TO_32_BIT_CONVERSION = YES;
				GCC_WARN_ABOUT_RETURN_TYPE = YES_ERROR;
				GCC_WARN_UNDECLARED_SELECTOR = YES;
				GCC_WARN_UNINITIALIZED_AUTOS = YES_AGGRESSIVE;
				GCC_WARN_UNUSED_FUNCTION = YES;
				GCC_WARN_UNUSED_VARIABLE = YES;
				IPHONEOS_DEPLOYMENT_TARGET = 15.5;
				MTL_ENABLE_DEBUG_INFO = NO;
				MTL_FAST_MATH = YES;
				SDKROOT = iphoneos;
				SWIFT_COMPILATION_MODE = wholemodule;
				SWIFT_OPTIMIZATION_LEVEL = "-O";
				VALIDATE_PRODUCT = YES;
			};
			name = Release;
		};
		EC74EC40298EFD190003831A /* Debug */ = {
			isa = XCBuildConfiguration;
			buildSettings = {
				ASSETCATALOG_COMPILER_APPICON_NAME = AppIcon;
				ASSETCATALOG_COMPILER_GLOBAL_ACCENT_COLOR_NAME = AccentColor;
				CODE_SIGN_STYLE = Automatic;
				CURRENT_PROJECT_VERSION = 1;
				DEVELOPMENT_TEAM = 37A8UMU294;
				GENERATE_INFOPLIST_FILE = YES;
				INFOPLIST_FILE = Dados/Info.plist;
				INFOPLIST_KEY_UIApplicationSupportsIndirectInputEvents = YES;
				INFOPLIST_KEY_UILaunchStoryboardName = LaunchScreen;
				INFOPLIST_KEY_UIMainStoryboardFile = Main;
				INFOPLIST_KEY_UISupportedInterfaceOrientations_iPad = "UIInterfaceOrientationPortrait UIInterfaceOrientationPortraitUpsideDown UIInterfaceOrientationLandscapeLeft UIInterfaceOrientationLandscapeRight";
				INFOPLIST_KEY_UISupportedInterfaceOrientations_iPhone = "UIInterfaceOrientationPortrait UIInterfaceOrientationLandscapeLeft UIInterfaceOrientationLandscapeRight";
				LD_RUNPATH_SEARCH_PATHS = (
					"$(inherited)",
					"@executable_path/Frameworks",
				);
				MARKETING_VERSION = 1.0;
				PRODUCT_BUNDLE_IDENTIFIER = EnriqueMacias.Dados;
				PRODUCT_NAME = "$(TARGET_NAME)";
				SWIFT_EMIT_LOC_STRINGS = YES;
				SWIFT_VERSION = 5.0;
				TARGETED_DEVICE_FAMILY = "1,2";
			};
			name = Debug;
		};
		EC74EC41298EFD190003831A /* Release */ = {
			isa = XCBuildConfiguration;
			buildSettings = {
				ASSETCATALOG_COMPILER_APPICON_NAME = AppIcon;
				ASSETCATALOG_COMPILER_GLOBAL_ACCENT_COLOR_NAME = AccentColor;
				CODE_SIGN_STYLE = Automatic;
				CURRENT_PROJECT_VERSION = 1;
				DEVELOPMENT_TEAM = 37A8UMU294;
				GENERATE_INFOPLIST_FILE = YES;
				INFOPLIST_FILE = Dados/Info.plist;
				INFOPLIST_KEY_UIApplicationSupportsIndirectInputEvents = YES;
				INFOPLIST_KEY_UILaunchStoryboardName = LaunchScreen;
				INFOPLIST_KEY_UIMainStoryboardFile = Main;
				INFOPLIST_KEY_UISupportedInterfaceOrientations_iPad = "UIInterfaceOrientationPortrait UIInterfaceOrientationPortraitUpsideDown UIInterfaceOrientationLandscapeLeft UIInterfaceOrientationLandscapeRight";
				INFOPLIST_KEY_UISupportedInterfaceOrientations_iPhone = "UIInterfaceOrientationPortrait UIInterfaceOrientationLandscapeLeft UIInterfaceOrientationLandscapeRight";
				LD_RUNPATH_SEARCH_PATHS = (
					"$(inherited)",
					"@executable_path/Frameworks",
				);
				MARKETING_VERSION = 1.0;
				PRODUCT_BUNDLE_IDENTIFIER = EnriqueMacias.Dados;
				PRODUCT_NAME = "$(TARGET_NAME)";
				SWIFT_EMIT_LOC_STRINGS = YES;
				SWIFT_VERSION = 5.0;
				TARGETED_DEVICE_FAMILY = "1,2";
			};
			name = Release;
		};
		EC74EC43298EFD190003831A /* Debug */ = {
			isa = XCBuildConfiguration;
			buildSettings = {
				ALWAYS_EMBED_SWIFT_STANDARD_LIBRARIES = YES;
				BUNDLE_LOADER = "$(TEST_HOST)";
				CODE_SIGN_STYLE = Automatic;
				CURRENT_PROJECT_VERSION = 1;
				DEVELOPMENT_TEAM = 37A8UMU294;
				GENERATE_INFOPLIST_FILE = YES;
				IPHONEOS_DEPLOYMENT_TARGET = 15.5;
				MARKETING_VERSION = 1.0;
				PRODUCT_BUNDLE_IDENTIFIER = EnriqueMacias.DadosTests;
				PRODUCT_NAME = "$(TARGET_NAME)";
				SWIFT_EMIT_LOC_STRINGS = NO;
				SWIFT_VERSION = 5.0;
				TARGETED_DEVICE_FAMILY = "1,2";
				TEST_HOST = "$(BUILT_PRODUCTS_DIR)/Dados.app/Dados";
			};
			name = Debug;
		};
		EC74EC44298EFD190003831A /* Release */ = {
			isa = XCBuildConfiguration;
			buildSettings = {
				ALWAYS_EMBED_SWIFT_STANDARD_LIBRARIES = YES;
				BUNDLE_LOADER = "$(TEST_HOST)";
				CODE_SIGN_STYLE = Automatic;
				CURRENT_PROJECT_VERSION = 1;
				DEVELOPMENT_TEAM = 37A8UMU294;
				GENERATE_INFOPLIST_FILE = YES;
				IPHONEOS_DEPLOYMENT_TARGET = 15.5;
				MARKETING_VERSION = 1.0;
				PRODUCT_BUNDLE_IDENTIFIER = EnriqueMacias.DadosTests;
				PRODUCT_NAME = "$(TARGET_NAME)";
				SWIFT_EMIT_LOC_STRINGS = NO;
				SWIFT_VERSION = 5.0;
				TARGETED_DEVICE_FAMILY = "1,2";
				TEST_HOST = "$(BUILT_PRODUCTS_DIR)/Dados.app/Dados";
			};
			name = Release;
		};
		EC74EC46298EFD190003831A /* Debug */ = {
			isa = XCBuildConfiguration;
			buildSettings = {
				ALWAYS_EMBED_SWIFT_STANDARD_LIBRARIES = YES;
				CODE_SIGN_STYLE = Automatic;
				CURRENT_PROJECT_VERSION = 1;
				DEVELOPMENT_TEAM = 37A8UMU294;
				GENERATE_INFOPLIST_FILE = YES;
				MARKETING_VERSION = 1.0;
				PRODUCT_BUNDLE_IDENTIFIER = EnriqueMacias.DadosUITests;
				PRODUCT_NAME = "$(TARGET_NAME)";
				SWIFT_EMIT_LOC_STRINGS = NO;
				SWIFT_VERSION = 5.0;
				TARGETED_DEVICE_FAMILY = "1,2";
				TEST_TARGET_NAME = Dados;
			};
			name = Debug;
		};
		EC74EC47298EFD190003831A /* Release */ = {
			isa = XCBuildConfiguration;
			buildSettings = {
				ALWAYS_EMBED_SWIFT_STANDARD_LIBRARIES = YES;
				CODE_SIGN_STYLE = Automatic;
				CURRENT_PROJECT_VERSION = 1;
				DEVELOPMENT_TEAM = 37A8UMU294;
				GENERATE_INFOPLIST_FILE = YES;
				MARKETING_VERSION = 1.0;
				PRODUCT_BUNDLE_IDENTIFIER = EnriqueMacias.DadosUITests;
				PRODUCT_NAME = "$(TARGET_NAME)";
				SWIFT_EMIT_LOC_STRINGS = NO;
				SWIFT_VERSION = 5.0;
				TARGETED_DEVICE_FAMILY = "1,2";
				TEST_TARGET_NAME = Dados;
			};
			name = Release;
		};
/* End XCBuildConfiguration section */

/* Begin XCConfigurationList section */
		EC74EC10298EFD160003831A /* Build configuration list for PBXProject "Dados" */ = {
			isa = XCConfigurationList;
			buildConfigurations = (
				EC74EC3D298EFD190003831A /* Debug */,
				EC74EC3E298EFD190003831A /* Release */,
			);
			defaultConfigurationIsVisible = 0;
			defaultConfigurationName = Release;
		};
		EC74EC3F298EFD190003831A /* Build configuration list for PBXNativeTarget "Dados" */ = {
			isa = XCConfigurationList;
			buildConfigurations = (
				EC74EC40298EFD190003831A /* Debug */,
				EC74EC41298EFD190003831A /* Release */,
			);
			defaultConfigurationIsVisible = 0;
			defaultConfigurationName = Release;
		};
		EC74EC42298EFD190003831A /* Build configuration list for PBXNativeTarget "DadosTests" */ = {
			isa = XCConfigurationList;
			buildConfigurations = (
				EC74EC43298EFD190003831A /* Debug */,
				EC74EC44298EFD190003831A /* Release */,
			);
			defaultConfigurationIsVisible = 0;
			defaultConfigurationName = Release;
		};
		EC74EC45298EFD190003831A /* Build configuration list for PBXNativeTarget "DadosUITests" */ = {
			isa = XCConfigurationList;
			buildConfigurations = (
				EC74EC46298EFD190003831A /* Debug */,
				EC74EC47298EFD190003831A /* Release */,
			);
			defaultConfigurationIsVisible = 0;
			defaultConfigurationName = Release;
		};
/* End XCConfigurationList section */
	};
	rootObject = EC74EC0D298EFD160003831A /* Project object */;
}
